
Microsoft Visual Studio Solution File, Format Version 12.00
# Visual Studio Version 17
VisualStudioVersion = 17.13.35931.197 d17.13
MinimumVisualStudioVersion = 10.0.40219.1
Project("{FAE04EC0-301F-11D3-BF4B-00C04F79EFBC}") = "BackgroundTerminal", "BackgroundTerminal\BackgroundTerminal.csproj", "{303EE277-8743-4512-82E9-F371C1EF686D}"
EndProject
Global
	GlobalSection(SolutionConfigurationPlatforms) = preSolution
		Debug|Any CPU = Debug|Any CPU
		Release|Any CPU = Release|Any CPU
	EndGlobalSection
	GlobalSection(ProjectConfigurationPlatforms) = postSolution
		{303EE277-8743-4512-82E9-F371C1EF686D}.Debug|Any CPU.ActiveCfg = Debug|Any CPU
		{303EE277-8743-4512-82E9-F371C1EF686D}.Debug|Any CPU.Build.0 = Debug|Any CPU
		{303EE277-8743-4512-82E9-F371C1EF686D}.Release|Any CPU.ActiveCfg = Release|Any CPU
		{303EE277-8743-4512-82E9-F371C1EF686D}.Release|Any CPU.Build.0 = Release|Any CPU
	EndGlobalSection
	GlobalSection(SolutionProperties) = preSolution
		HideSolutionNode = FALSE
	EndGlobalSection
	GlobalSection(ExtensibilityGlobals) = postSolution
		SolutionGuid = {07207D5F-F1F6-401C-9C8C-82D646F6D845}
	EndGlobalSection
EndGlobal
